PODS:
  - Hero (1.5.0)
  - LBTATools (1.0.12)
  - RxCocoa (5.1.1):
    - RxRelay (~> 5)
    - RxSwift (~> 5)
  - RxRelay (5.1.1):
    - RxSwift (~> 5)
  - RxSwift (5.1.1)

DEPENDENCIES:
  - Hero
  - LBTATools
  - RxCocoa (~> 5)
  - RxSwift (~> 5)

SPEC REPOS:
  trunk:
    - Hero
    - LBTATools
    - RxCocoa
    - RxRelay
    - RxSwift

SPEC CHECKSUMS:
  Hero: b7385b75e7259da62f4f85462f59a5082d66b058
  LBTATools: 389a901a01b9a56bea5682c40cd6e23530f40015
  RxCocoa: 32065309a38d29b5b0db858819b5bf9ef038b601
  RxRelay: d77f7d771495f43c556cbc43eebd1bb54d01e8e9
  RxSwift: 81470a2074fa8780320ea5fe4102807cb7118178

PODFILE CHECKSUM: 084a64704e64231ef88bdf1adca8195744b58b59

COCOAPODS: 1.8.4
